
Microsoft Visual Studio Solution File, Format Version 12.00
# Visual Studio 15
VisualStudioVersion = 15.0.26730.8
MinimumVisualStudioVersion = 10.0.40219.1
Project("{FAE04EC0-301F-11D3-BF4B-00C04F79EFBC}") = "Voice Recognition", "Voice Recognition\Voice Recognition.csproj", "{DC97B45C-4D2E-48CA-B637-E2E962DB1380}"
EndProject
Global
	GlobalSection(SolutionConfigurationPlatforms) = preSolution
		Debug|Any CPU = Debug|Any CPU
		Release|Any CPU = Release|Any CPU
	EndGlobalSection
	GlobalSection(ProjectConfigurationPlatforms) = postSolution
		{DC97B45C-4D2E-48CA-B637-E2E962DB1380}.Debug|Any CPU.ActiveCfg = Debug|Any CPU
		{DC97B45C-4D2E-48CA-B637-E2E962DB1380}.Debug|Any CPU.Build.0 = Debug|Any CPU
		{DC97B45C-4D2E-48CA-B637-E2E962DB1380}.Release|Any CPU.ActiveCfg = Release|Any CPU
		{DC97B45C-4D2E-48CA-B637-E2E962DB1380}.Release|Any CPU.Build.0 = Release|Any CPU
	EndGlobalSection
	GlobalSection(SolutionProperties) = preSolution
		HideSolutionNode = FALSE
	EndGlobalSection
	GlobalSection(ExtensibilityGlobals) = postSolution
		SolutionGuid = {2291FF25-9237-436B-BE5C-95FAC649F51E}
	EndGlobalSection
EndGlobal
